// !$*UTF8*$!
{
	archiveVersion = 1;
	classes = {
	};
	objectVersion = 46;
	objects = {

/* Begin PBXBuildFile section */
		8802E12419964D0F00C626B3 /* YMNCoreTextItem.m in Sources */ = {isa = PBXBuildFile; fileRef = 8802E12319964D0F00C626B3 /* YMNCoreTextItem.m */; };
		88C31486198E670300FE7B9D /* Foundation.framework in Frameworks */ = {isa = PBXBuildFile; fileRef = 88C31485198E670300FE7B9D /* Foundation.framework */; };
		88C31488198E670300FE7B9D /* CoreGraphics.framework in Frameworks */ = {isa = PBXBuildFile; fileRef = 88C31487198E670300FE7B9D /* CoreGraphics.framework */; };
		88C3148A198E670300FE7B9D /* UIKit.framework in Frameworks */ = {isa = PBXBuildFile; fileRef = 88C31489198E670300FE7B9D /* UIKit.framework */; };
		88C31490198E670300FE7B9D /* InfoPlist.strings in Resources */ = {isa = PBXBuildFile; fileRef = 88C3148E198E670300FE7B9D /* InfoPlist.strings */; };
		88C31492198E670300FE7B9D /* main.m in Sources */ = {isa = PBXBuildFile; fileRef = 88C31491198E670300FE7B9D /* main.m */; };
		88C31496198E670300FE7B9D /* YSAppDelegate.m in Sources */ = {isa = PBXBuildFile; fileRef = 88C31495198E670300FE7B9D /* YSAppDelegate.m */; };
		88C31499198E670300FE7B9D /* Main.storyboard in Resources */ = {isa = PBXBuildFile; fileRef = 88C31497198E670300FE7B9D /* Main.storyboard */; };
		88C3149F198E670300FE7B9D /* YMNViewController.m in Sources */ = {isa = PBXBuildFile; fileRef = 88C3149E198E670300FE7B9D /* YMNViewController.m */; };
		88C314A1198E670300FE7B9D /* Images.xcassets in Resources */ = {isa = PBXBuildFile; fileRef = 88C314A0198E670300FE7B9D /* Images.xcassets */; };
		88C314A8198E670300FE7B9D /* XCTest.framework in Frameworks */ = {isa = PBXBuildFile; fileRef = 88C314A7198E670300FE7B9D /* XCTest.framework */; };
		88C314A9198E670300FE7B9D /* Foundation.framework in Frameworks */ = {isa = PBXBuildFile; fileRef = 88C31485198E670300FE7B9D /* Foundation.framework */; };
		88C314AA198E670300FE7B9D /* UIKit.framework in Frameworks */ = {isa = PBXBuildFile; fileRef = 88C31489198E670300FE7B9D /* UIKit.framework */; };
		88C314B2198E670300FE7B9D /* InfoPlist.strings in Resources */ = {isa = PBXBuildFile; fileRef = 88C314B0198E670300FE7B9D /* InfoPlist.strings */; };
		88C314B4198E670300FE7B9D /* CoreTextSampleTests.m in Sources */ = {isa = PBXBuildFile; fileRef = 88C314B3198E670300FE7B9D /* CoreTextSampleTests.m */; };
		88C314C0198E6C7900FE7B9D /* YMNCoreTextView.m in Sources */ = {isa = PBXBuildFile; fileRef = 88C314BF198E6C7900FE7B9D /* YMNCoreTextView.m */; };
		88C314C2198E6E4D00FE7B9D /* CoreText.framework in Frameworks */ = {isa = PBXBuildFile; fileRef = 88C314C1198E6E4D00FE7B9D /* CoreText.framework */; };
/* End PBXBuildFile section */

/* Begin PBXContainerItemProxy section */
		88C314AB198E670300FE7B9D /* PBXContainerItemProxy */ = {
			isa = PBXContainerItemProxy;
			containerPortal = 88C3147A198E670300FE7B9D /* Project object */;
			proxyType = 1;
			remoteGlobalIDString = 88C31481198E670300FE7B9D;
			remoteInfo = CoreTextSample;
		};
/* End PBXContainerItemProxy section */

/* Begin PBXFileReference section */
		8802E12219964D0F00C626B3 /* YMNCoreTextItem.h */ = {isa = PBXFileReference; fileEncoding = 4; lastKnownFileType = sourcecode.c.h; path = YMNCoreTextItem.h; sourceTree = "<group>"; };
		8802E12319964D0F00C626B3 /* YMNCoreTextItem.m */ = {isa = PBXFileReference; fileEncoding = 4; lastKnownFileType = sourcecode.c.objc; path = YMNCoreTextItem.m; sourceTree = "<group>"; };
		88C31482198E670300FE7B9D /* CoreTextSample.app */ = {isa = PBXFileReference; explicitFileType = wrapper.application; includeInIndex = 0; path = CoreTextSample.app; sourceTree = BUILT_PRODUCTS_DIR; };
		88C31485198E670300FE7B9D /* Foundation.framework */ = {isa = PBXFileReference; lastKnownFileType = wrapper.framework; name = Foundation.framework; path = System/Library/Frameworks/Foundation.framework; sourceTree = SDKROOT; };
		88C31487198E670300FE7B9D /* CoreGraphics.framework */ = {isa = PBXFileReference; lastKnownFileType = wrapper.framework; name = CoreGraphics.framework; path = System/Library/Frameworks/CoreGraphics.framework; sourceTree = SDKROOT; };
		88C31489198E670300FE7B9D /* UIKit.framework */ = {isa = PBXFileReference; lastKnownFileType = wrapper.framework; name = UIKit.framework; path = System/Library/Frameworks/UIKit.framework; sourceTree = SDKROOT; };
		88C3148D198E670300FE7B9D /* CoreTextSample-Info.plist */ = {isa = PBXFileReference; lastKnownFileType = text.plist.xml; path = "CoreTextSample-Info.plist"; sourceTree = "<group>"; };
		88C3148F198E670300FE7B9D /* en */ = {isa = PBXFileReference; lastKnownFileType = text.plist.strings; name = en; path = en.lproj/InfoPlist.strings; sourceTree = "<group>"; };
		88C31491198E670300FE7B9D /* main.m */ = {isa = PBXFileReference; lastKnownFileType = sourcecode.c.objc; path = main.m; sourceTree = "<group>"; };
		88C31493198E670300FE7B9D /* CoreTextSample-Prefix.pch */ = {isa = PBXFileReference; lastKnownFileType = sourcecode.c.h; path = "CoreTextSample-Prefix.pch"; sourceTree = "<group>"; };
		88C31494198E670300FE7B9D /* YSAppDelegate.h */ = {isa = PBXFileReference; lastKnownFileType = sourcecode.c.h; path = YSAppDelegate.h; sourceTree = "<group>"; };
		88C31495198E670300FE7B9D /* YSAppDelegate.m */ = {isa = PBXFileReference; lastKnownFileType = sourcecode.c.objc; path = YSAppDelegate.m; sourceTree = "<group>"; };
		88C31498198E670300FE7B9D /* Base */ = {isa = PBXFileReference; lastKnownFileType = file.storyboard; name = Base; path = Base.lproj/Main.storyboard; sourceTree = "<group>"; };
		88C3149D198E670300FE7B9D /* YMNViewController.h */ = {isa = PBXFileReference; lastKnownFileType = sourcecode.c.h; path = YMNViewController.h; sourceTree = "<group>"; };
		88C3149E198E670300FE7B9D /* YMNViewController.m */ = {isa = PBXFileReference; lastKnownFileType = sourcecode.c.objc; path = YMNViewController.m; sourceTree = "<group>"; };
		88C314A0198E670300FE7B9D /* Images.xcassets */ = {isa = PBXFileReference; lastKnownFileType = folder.assetcatalog; path = Images.xcassets; sourceTree = "<group>"; };
		88C314A6198E670300FE7B9D /* CoreTextSampleTests.xctest */ = {isa = PBXFileReference; explicitFileType = wrapper.cfbundle; includeInIndex = 0; path = CoreTextSampleTests.xctest; sourceTree = BUILT_PRODUCTS_DIR; };
		88C314A7198E670300FE7B9D /* XCTest.framework */ = {isa = PBXFileReference; lastKnownFileType = wrapper.framework; name = XCTest.framework; path = Library/Frameworks/XCTest.framework; sourceTree = DEVELOPER_DIR; };
		88C314AF198E670300FE7B9D /* CoreTextSampleTests-Info.plist */ = {isa = PBXFileReference; lastKnownFileType = text.plist.xml; path = "CoreTextSampleTests-Info.plist"; sourceTree = "<group>"; };
		88C314B1198E670300FE7B9D /* en */ = {isa = PBXFileReference; lastKnownFileType = text.plist.strings; name = en; path = en.lproj/InfoPlist.strings; sourceTree = "<group>"; };
		88C314B3198E670300FE7B9D /* CoreTextSampleTests.m */ = {isa = PBXFileReference; lastKnownFileType = sourcecode.c.objc; path = CoreTextSampleTests.m; sourceTree = "<group>"; };
		88C314BE198E6C7900FE7B9D /* YMNCoreTextView.h */ = {isa = PBXFileReference; fileEncoding = 4; lastKnownFileType = sourcecode.c.h; path = YMNCoreTextView.h; sourceTree = "<group>"; };
		88C314BF198E6C7900FE7B9D /* YMNCoreTextView.m */ = {isa = PBXFileReference; fileEncoding = 4; lastKnownFileType = sourcecode.c.objc; path = YMNCoreTextView.m; sourceTree = "<group>"; };
		88C314C1198E6E4D00FE7B9D /* CoreText.framework */ = {isa = PBXFileReference; lastKnownFileType = wrapper.framework; name = CoreText.framework; path = System/Library/Frameworks/CoreText.framework; sourceTree = SDKROOT; };
/* End PBXFileReference section */

/* Begin PBXFrameworksBuildPhase section */
		88C3147F198E670300FE7B9D /* Frameworks */ = {
			isa = PBXFrameworksBuildPhase;
			buildActionMask = 2147483647;
			files = (
				88C314C2198E6E4D00FE7B9D /* CoreText.framework in Frameworks */,
				88C31488198E670300FE7B9D /* CoreGraphics.framework in Frameworks */,
				88C3148A198E670300FE7B9D /* UIKit.framework in Frameworks */,
				88C31486198E670300FE7B9D /* Foundation.framework in Frameworks */,
			);
			runOnlyForDeploymentPostprocessing = 0;
		};
		88C314A3198E670300FE7B9D /* Frameworks */ = {
			isa = PBXFrameworksBuildPhase;
			buildActionMask = 2147483647;
			files = (
				88C314A8198E670300FE7B9D /* XCTest.framework in Frameworks */,
				88C314AA198E670300FE7B9D /* UIKit.framework in Frameworks */,
				88C314A9198E670300FE7B9D /* Foundation.framework in Frameworks */,
			);
			runOnlyForDeploymentPostprocessing = 0;
		};
/* End PBXFrameworksBuildPhase section */

/* Begin PBXGroup section */
		88C31479198E670300FE7B9D = {
			isa = PBXGroup;
			children = (
				88C3148B198E670300FE7B9D /* CoreTextSample */,
				88C314AD198E670300FE7B9D /* CoreTextSampleTests */,
				88C31484198E670300FE7B9D /* Frameworks */,
				88C31483198E670300FE7B9D /* Products */,
			);
			sourceTree = "<group>";
		};
		88C31483198E670300FE7B9D /* Products */ = {
			isa = PBXGroup;
			children = (
				88C31482198E670300FE7B9D /* CoreTextSample.app */,
				88C314A6198E670300FE7B9D /* CoreTextSampleTests.xctest */,
			);
			name = Products;
			sourceTree = "<group>";
		};
		88C31484198E670300FE7B9D /* Frameworks */ = {
			isa = PBXGroup;
			children = (
				88C314C1198E6E4D00FE7B9D /* CoreText.framework */,
				88C31485198E670300FE7B9D /* Foundation.framework */,
				88C31487198E670300FE7B9D /* CoreGraphics.framework */,
				88C31489198E670300FE7B9D /* UIKit.framework */,
				88C314A7198E670300FE7B9D /* XCTest.framework */,
			);
			name = Frameworks;
			sourceTree = "<group>";
		};
		88C3148B198E670300FE7B9D /* CoreTextSample */ = {
			isa = PBXGroup;
			children = (
				88C314BD198E673000FE7B9D /* CoreTextView */,
				88C31494198E670300FE7B9D /* YSAppDelegate.h */,
				88C31495198E670300FE7B9D /* YSAppDelegate.m */,
				88C31497198E670300FE7B9D /* Main.storyboard */,
				88C3149D198E670300FE7B9D /* YMNViewController.h */,
				88C3149E198E670300FE7B9D /* YMNViewController.m */,
				88C314A0198E670300FE7B9D /* Images.xcassets */,
				88C3148C198E670300FE7B9D /* Supporting Files */,
			);
			path = CoreTextSample;
			sourceTree = "<group>";
		};
		88C3148C198E670300FE7B9D /* Supporting Files */ = {
			isa = PBXGroup;
			children = (
				88C3148D198E670300FE7B9D /* CoreTextSample-Info.plist */,
				88C3148E198E670300FE7B9D /* InfoPlist.strings */,
				88C31491198E670300FE7B9D /* main.m */,
				88C31493198E670300FE7B9D /* CoreTextSample-Prefix.pch */,
			);
			name = "Supporting Files";
			sourceTree = "<group>";
		};
		88C314AD198E670300FE7B9D /* CoreTextSampleTests */ = {
			isa = PBXGroup;
			children = (
				88C314B3198E670300FE7B9D /* CoreTextSampleTests.m */,
				88C314AE198E670300FE7B9D /* Supporting Files */,
			);
			path = CoreTextSampleTests;
			sourceTree = "<group>";
		};
		88C314AE198E670300FE7B9D /* Supporting Files */ = {
			isa = PBXGroup;
			children = (
				88C314AF198E670300FE7B9D /* CoreTextSampleTests-Info.plist */,
				88C314B0198E670300FE7B9D /* InfoPlist.strings */,
			);
			name = "Supporting Files";
			sourceTree = "<group>";
		};
		88C314BD198E673000FE7B9D /* CoreTextView */ = {
			isa = PBXGroup;
			children = (
				88C314BE198E6C7900FE7B9D /* YMNCoreTextView.h */,
				88C314BF198E6C7900FE7B9D /* YMNCoreTextView.m */,
				8802E12219964D0F00C626B3 /* YMNCoreTextItem.h */,
				8802E12319964D0F00C626B3 /* YMNCoreTextItem.m */,
			);
			name = CoreTextView;
			sourceTree = "<group>";
		};
/* End PBXGroup section */

/* Begin PBXNativeTarget section */
		88C31481198E670300FE7B9D /* CoreTextSample */ = {
			isa = PBXNativeTarget;
			buildConfigurationList = 88C314B7198E670300FE7B9D /* Build configuration list for PBXNativeTarget "CoreTextSample" */;
			buildPhases = (
				88C3147E198E670300FE7B9D /* Sources */,
				88C3147F198E670300FE7B9D /* Frameworks */,
				88C31480198E670300FE7B9D /* Resources */,
			);
			buildRules = (
			);
			dependencies = (
			);
			name = CoreTextSample;
			productName = CoreTextSample;
			productReference = 88C31482198E670300FE7B9D /* CoreTextSample.app */;
			productType = "com.apple.product-type.application";
		};
		88C314A5198E670300FE7B9D /* CoreTextSampleTests */ = {
			isa = PBXNativeTarget;
			buildConfigurationList = 88C314BA198E670300FE7B9D /* Build configuration list for PBXNativeTarget "CoreTextSampleTests" */;
			buildPhases = (
				88C314A2198E670300FE7B9D /* Sources */,
				88C314A3198E670300FE7B9D /* Frameworks */,
				88C314A4198E670300FE7B9D /* Resources */,
			);
			buildRules = (
			);
			dependencies = (
				88C314AC198E670300FE7B9D /* PBXTargetDependency */,
			);
			name = CoreTextSampleTests;
			productName = CoreTextSampleTests;
			productReference = 88C314A6198E670300FE7B9D /* CoreTextSampleTests.xctest */;
			productType = "com.apple.product-type.bundle.unit-test";
		};
/* End PBXNativeTarget section */

/* Begin PBXProject section */
		88C3147A198E670300FE7B9D /* Project object */ = {
			isa = PBXProject;
			attributes = {
				CLASSPREFIX = YS;
				LastUpgradeCheck = 0510;
				ORGANIZATIONNAME = "Shingai Yoshimi";
				TargetAttributes = {
					88C314A5198E670300FE7B9D = {
						TestTargetID = 88C31481198E670300FE7B9D;
					};
				};
			};
			buildConfigurationList = 88C3147D198E670300FE7B9D /* Build configuration list for PBXProject "CoreTextSample" */;
			compatibilityVersion = "Xcode 3.2";
			developmentRegion = English;
			hasScannedForEncodings = 0;
			knownRegions = (
				en,
				Base,
			);
			mainGroup = 88C31479198E670300FE7B9D;
			productRefGroup = 88C31483198E670300FE7B9D /* Products */;
			projectDirPath = "";
			projectRoot = "";
			targets = (
				88C31481198E670300FE7B9D /* CoreTextSample */,
				88C314A5198E670300FE7B9D /* CoreTextSampleTests */,
			);
		};
/* End PBXProject section */

/* Begin PBXResourcesBuildPhase section */
		88C31480198E670300FE7B9D /* Resources */ = {
			isa = PBXResourcesBuildPhase;
			buildActionMask = 2147483647;
			files = (
				88C314A1198E670300FE7B9D /* Images.xcassets in Resources */,
				88C31499198E670300FE7B9D /* Main.storyboard in Resources */,
				88C31490198E670300FE7B9D /* InfoPlist.strings in Resources */,
			);
			runOnlyForDeploymentPostprocessing = 0;
		};
		88C314A4198E670300FE7B9D /* Resources */ = {
			isa = PBXResourcesBuildPhase;
			buildActionMask = 2147483647;
			files = (
				88C314B2198E670300FE7B9D /* InfoPlist.strings in Resources */,
			);
			runOnlyForDeploymentPostprocessing = 0;
		};
/* End PBXResourcesBuildPhase section */

/* Begin PBXSourcesBuildPhase section */
		88C3147E198E670300FE7B9D /* Sources */ = {
			isa = PBXSourcesBuildPhase;
			buildActionMask = 2147483647;
			files = (
				88C3149F198E670300FE7B9D /* YMNViewController.m in Sources */,
				8802E12419964D0F00C626B3 /* YMNCoreTextItem.m in Sources */,
				88C31496198E670300FE7B9D /* YSAppDelegate.m in Sources */,
				88C314C0198E6C7900FE7B9D /* YMNCoreTextView.m in Sources */,
				88C31492198E670300FE7B9D /* main.m in Sources */,
			);
			runOnlyForDeploymentPostprocessing = 0;
		};
		88C314A2198E670300FE7B9D /* Sources */ = {
			isa = PBXSourcesBuildPhase;
			buildActionMask = 2147483647;
			files = (
				88C314B4198E670300FE7B9D /* CoreTextSampleTests.m in Sources */,
			);
			runOnlyForDeploymentPostprocessing = 0;
		};
/* End PBXSourcesBuildPhase section */

/* Begin PBXTargetDependency section */
		88C314AC198E670300FE7B9D /* PBXTargetDependency */ = {
			isa = PBXTargetDependency;
			target = 88C31481198E670300FE7B9D /* CoreTextSample */;
			targetProxy = 88C314AB198E670300FE7B9D /* PBXContainerItemProxy */;
		};
/* End PBXTargetDependency section */

/* Begin PBXVariantGroup section */
		88C3148E198E670300FE7B9D /* InfoPlist.strings */ = {
			isa = PBXVariantGroup;
			children = (
				88C3148F198E670300FE7B9D /* en */,
			);
			name = InfoPlist.strings;
			sourceTree = "<group>";
		};
		88C31497198E670300FE7B9D /* Main.storyboard */ = {
			isa = PBXVariantGroup;
			children = (
				88C31498198E670300FE7B9D /* Base */,
			);
			name = Main.storyboard;
			sourceTree = "<group>";
		};
		88C314B0198E670300FE7B9D /* InfoPlist.strings */ = {
			isa = PBXVariantGroup;
			children = (
				88C314B1198E670300FE7B9D /* en */,
			);
			name = InfoPlist.strings;
			sourceTree = "<group>";
		};
/* End PBXVariantGroup section */

/* Begin XCBuildConfiguration section */
		88C314B5198E670300FE7B9D /* Debug */ = {
			isa = XCBuildConfiguration;
			buildSettings = {
				ALWAYS_SEARCH_USER_PATHS = NO;
				CLANG_CXX_LANGUAGE_STANDARD = "gnu++0x";
				CLANG_CXX_LIBRARY = "libc++";
				CLANG_ENABLE_MODULES = YES;
				CLANG_ENABLE_OBJC_ARC = YES;
				CLANG_WARN_BOOL_CONVERSION = YES;
				CLANG_WARN_CONSTANT_CONVERSION = YES;
				CLANG_WARN_DIRECT_OBJC_ISA_USAGE = YES_ERROR;
				CLANG_WARN_EMPTY_BODY = YES;
				CLANG_WARN_ENUM_CONVERSION = YES;
				CLANG_WARN_INT_CONVERSION = YES;
				CLANG_WARN_OBJC_ROOT_CLASS = YES_ERROR;
				CLANG_WARN__DUPLICATE_METHOD_MATCH = YES;
				"CODE_SIGN_IDENTITY[sdk=iphoneos*]" = "iPhone Developer";
				COPY_PHASE_STRIP = NO;
				GCC_C_LANGUAGE_STANDARD = gnu99;
				GCC_DYNAMIC_NO_PIC = NO;
				GCC_OPTIMIZATION_LEVEL = 0;
				GCC_PREPROCESSOR_DEFINITIONS = (
					"DEBUG=1",
					"$(inherited)",
				);
				GCC_SYMBOLS_PRIVATE_EXTERN = NO;
				GCC_WARN_64_TO_32_BIT_CONVERSION = YES;
				GCC_WARN_ABOUT_RETURN_TYPE = YES_ERROR;
				GCC_WARN_UNDECLARED_SELECTOR = YES;
				GCC_WARN_UNINITIALIZED_AUTOS = YES_AGGRESSIVE;
				GCC_WARN_UNUSED_FUNCTION = YES;
				GCC_WARN_UNUSED_VARIABLE = YES;
				IPHONEOS_DEPLOYMENT_TARGET = 7.1;
				ONLY_ACTIVE_ARCH = YES;
				SDKROOT = iphoneos;
				TARGETED_DEVICE_FAMILY = "1,2";
			};
			name = Debug;
		};
		88C314B6198E670300FE7B9D /* Release */ = {
			isa = XCBuildConfiguration;
			buildSettings = {
				ALWAYS_SEARCH_USER_PATHS = NO;
				CLANG_CXX_LANGUAGE_STANDARD = "gnu++0x";
				CLANG_CXX_LIBRARY = "libc++";
				CLANG_ENABLE_MODULES = YES;
				CLANG_ENABLE_OBJC_ARC = YES;
				CLANG_WARN_BOOL_CONVERSION = YES;
				CLANG_WARN_CONSTANT_CONVERSION = YES;
				CLANG_WARN_DIRECT_OBJC_ISA_USAGE = YES_ERROR;
				CLANG_WARN_EMPTY_BODY = YES;
				CLANG_WARN_ENUM_CONVERSION = YES;
				CLANG_WARN_INT_CONVERSION = YES;
				CLANG_WARN_OBJC_ROOT_CLASS = YES_ERROR;
				CLANG_WARN__DUPLICATE_METHOD_MATCH = YES;
				"CODE_SIGN_IDENTITY[sdk=iphoneos*]" = "iPhone Developer";
				COPY_PHASE_STRIP = YES;
				ENABLE_NS_ASSERTIONS = NO;
				GCC_C_LANGUAGE_STANDARD = gnu99;
				GCC_WARN_64_TO_32_BIT_CONVERSION = YES;
				GCC_WARN_ABOUT_RETURN_TYPE = YES_ERROR;
				GCC_WARN_UNDECLARED_SELECTOR = YES;
				GCC_WARN_UNINITIALIZED_AUTOS = YES_AGGRESSIVE;
				GCC_WARN_UNUSED_FUNCTION = YES;
				GCC_WARN_UNUSED_VARIABLE = YES;
				IPHONEOS_DEPLOYMENT_TARGET = 7.1;
				SDKROOT = iphoneos;
				TARGETED_DEVICE_FAMILY = "1,2";
				VALIDATE_PRODUCT = YES;
			};
			name = Release;
		};
		88C314B8198E670300FE7B9D /* Debug */ = {
			isa = XCBuildConfiguration;
			buildSettings = {
				ASSETCATALOG_COMPILER_APPICON_NAME = AppIcon;
				ASSETCATALOG_COMPILER_LAUNCHIMAGE_NAME = LaunchImage;
				GCC_PRECOMPILE_PREFIX_HEADER = YES;
				GCC_PREFIX_HEADER = "CoreTextSample/CoreTextSample-Prefix.pch";
				INFOPLIST_FILE = "CoreTextSample/CoreTextSample-Info.plist";
				PRODUCT_NAME = "$(TARGET_NAME)";
				WRAPPER_EXTENSION = app;
			};
			name = Debug;
		};
		88C314B9198E670300FE7B9D /* Release */ = {
			isa = XCBuildConfiguration;
			buildSettings = {
				ASSETCATALOG_COMPILER_APPICON_NAME = AppIcon;
				ASSETCATALOG_COMPILER_LAUNCHIMAGE_NAME = LaunchImage;
				GCC_PRECOMPILE_PREFIX_HEADER = YES;
				GCC_PREFIX_HEADER = "CoreTextSample/CoreTextSample-Prefix.pch";
				INFOPLIST_FILE = "CoreTextSample/CoreTextSample-Info.plist";
				PRODUCT_NAME = "$(TARGET_NAME)";
				WRAPPER_EXTENSION = app;
			};
			name = Release;
		};
		88C314BB198E670300FE7B9D /* Debug */ = {
			isa = XCBuildConfiguration;
			buildSettings = {
				BUNDLE_LOADER = "$(BUILT_PRODUCTS_DIR)/CoreTextSample.app/CoreTextSample";
				FRAMEWORK_SEARCH_PATHS = (
					"$(SDKROOT)/Developer/Library/Frameworks",
					"$(inherited)",
					"$(DEVELOPER_FRAMEWORKS_DIR)",
				);
				GCC_PRECOMPILE_PREFIX_HEADER = YES;
				GCC_PREFIX_HEADER = "CoreTextSample/CoreTextSample-Prefix.pch";
				GCC_PREPROCESSOR_DEFINITIONS = (
					"DEBUG=1",
					"$(inherited)",
				);
				INFOPLIST_FILE = "CoreTextSampleTests/CoreTextSampleTests-Info.plist";
				PRODUCT_NAME = "$(TARGET_NAME)";
				TEST_HOST = "$(BUNDLE_LOADER)";
				WRAPPER_EXTENSION = xctest;
			};
			name = Debug;
		};
		88C314BC198E670300FE7B9D /* Release */ = {
			isa = XCBuildConfiguration;
			buildSettings = {
				BUNDLE_LOADER = "$(BUILT_PRODUCTS_DIR)/CoreTextSample.app/CoreTextSample";
				FRAMEWORK_SEARCH_PATHS = (
					"$(SDKROOT)/Developer/Library/Frameworks",
					"$(inherited)",
					"$(DEVELOPER_FRAMEWORKS_DIR)",
				);
				GCC_PRECOMPILE_PREFIX_HEADER = YES;
				GCC_PREFIX_HEADER = "CoreTextSample/CoreTextSample-Prefix.pch";
				INFOPLIST_FILE = "CoreTextSampleTests/CoreTextSampleTests-Info.plist";
				PRODUCT_NAME = "$(TARGET_NAME)";
				TEST_HOST = "$(BUNDLE_LOADER)";
				WRAPPER_EXTENSION = xctest;
			};
			name = Release;
		};
/* End XCBuildConfiguration section */

/* Begin XCConfigurationList section */
		88C3147D198E670300FE7B9D /* Build configuration list for PBXProject "CoreTextSample" */ = {
			isa = XCConfigurationList;
			buildConfigurations = (
				88C314B5198E670300FE7B9D /* Debug */,
				88C314B6198E670300FE7B9D /* Release */,
			);
			defaultConfigurationIsVisible = 0;
			defaultConfigurationName = Release;
		};
		88C314B7198E670300FE7B9D /* Build configuration list for PBXNativeTarget "CoreTextSample" */ = {
			isa = XCConfigurationList;
			buildConfigurations = (
				88C314B8198E670300FE7B9D /* Debug */,
				88C314B9198E670300FE7B9D /* Release */,
			);
			defaultConfigurationIsVisible = 0;
			defaultConfigurationName = Release;
		};
		88C314BA198E670300FE7B9D /* Build configuration list for PBXNativeTarget "CoreTextSampleTests" */ = {
			isa = XCConfigurationList;
			buildConfigurations = (
				88C314BB198E670300FE7B9D /* Debug */,
				88C314BC198E670300FE7B9D /* Release */,
			);
			defaultConfigurationIsVisible = 0;
			defaultConfigurationName = Release;
		};
/* End XCConfigurationList section */
	};
	rootObject = 88C3147A198E670300FE7B9D /* Project object */;
}
